
Microsoft Visual Studio Solution File, Format Version 12.00
# Visual Studio 15
VisualStudioVersion = 15.0.27428.2037
MinimumVisualStudioVersion = 10.0.40219.1
Project("{2150E333-8FDC-42A3-9474-1A3956D46DE8}") = "Creational", "Creational", "{BA8B7537-0092-4AF6-BE19-239F7E6E9845}"
EndProject
Project("{9A19103F-16F7-4668-BE54-9A1E7A4F7556}") = "FactoryMethod", "FactoryMethod\FactoryMethod.csproj", "{0CA7BF03-8C99-4E37-B35B-9B8D018FB54E}"
EndProject
Project("{9A19103F-16F7-4668-BE54-9A1E7A4F7556}") = "AbstractFactory", "AbstractFactory\AbstractFactory.csproj", "{86C20545-6A4D-46CA-8C15-67108059A6C9}"
EndProject
Project("{9A19103F-16F7-4668-BE54-9A1E7A4F7556}") = "Builder", "Builder\Builder.csproj", "{E4821666-6027-46CA-94D1-F43800673ED4}"
EndProject
Project("{9A19103F-16F7-4668-BE54-9A1E7A4F7556}") = "Strategy", "Strategy\Strategy\Strategy.csproj", "{6810ED1E-80A9-45D1-8029-7BCC8C771441}"
EndProject
Project("{9A19103F-16F7-4668-BE54-9A1E7A4F7556}") = "Decorator", "Decorator\Decorator.csproj", "{A59BAC34-3F94-4129-8EA6-A182A3511D3D}"
EndProject
Project("{9A19103F-16F7-4668-BE54-9A1E7A4F7556}") = "Singleton", "Singleton\Singleton.csproj", "{ABD35CF7-DC77-40AB-961A-E86E477913EC}"
EndProject
Project("{9A19103F-16F7-4668-BE54-9A1E7A4F7556}") = "ChainOfResponsability", "ChainOfResponsability\ChainOfResponsability.csproj", "{556D4BE3-4A9D-47B7-A735-ACE1DAEFF8A2}"
EndProject
Project("{FAE04EC0-301F-11D3-BF4B-00C04F79EFBC}") = "Adapter", "Adapter\Adapter.csproj", "{8BE8227C-C34D-45E9-A260-2C93ED692354}"
EndProject
Global
	GlobalSection(SolutionConfigurationPlatforms) = preSolution
		Debug|Any CPU = Debug|Any CPU
		Release|Any CPU = Release|Any CPU
	EndGlobalSection
	GlobalSection(ProjectConfigurationPlatforms) = postSolution
		{0CA7BF03-8C99-4E37-B35B-9B8D018FB54E}.Debug|Any CPU.ActiveCfg = Debug|Any CPU
		{0CA7BF03-8C99-4E37-B35B-9B8D018FB54E}.Debug|Any CPU.Build.0 = Debug|Any CPU
		{0CA7BF03-8C99-4E37-B35B-9B8D018FB54E}.Release|Any CPU.ActiveCfg = Release|Any CPU
		{0CA7BF03-8C99-4E37-B35B-9B8D018FB54E}.Release|Any CPU.Build.0 = Release|Any CPU
		{86C20545-6A4D-46CA-8C15-67108059A6C9}.Debug|Any CPU.ActiveCfg = Debug|Any CPU
		{86C20545-6A4D-46CA-8C15-67108059A6C9}.Debug|Any CPU.Build.0 = Debug|Any CPU
		{86C20545-6A4D-46CA-8C15-67108059A6C9}.Release|Any CPU.ActiveCfg = Release|Any CPU
		{86C20545-6A4D-46CA-8C15-67108059A6C9}.Release|Any CPU.Build.0 = Release|Any CPU
		{E4821666-6027-46CA-94D1-F43800673ED4}.Debug|Any CPU.ActiveCfg = Debug|Any CPU
		{E4821666-6027-46CA-94D1-F43800673ED4}.Debug|Any CPU.Build.0 = Debug|Any CPU
		{E4821666-6027-46CA-94D1-F43800673ED4}.Release|Any CPU.ActiveCfg = Release|Any CPU
		{E4821666-6027-46CA-94D1-F43800673ED4}.Release|Any CPU.Build.0 = Release|Any CPU
		{6810ED1E-80A9-45D1-8029-7BCC8C771441}.Debug|Any CPU.ActiveCfg = Debug|Any CPU
		{6810ED1E-80A9-45D1-8029-7BCC8C771441}.Debug|Any CPU.Build.0 = Debug|Any CPU
		{6810ED1E-80A9-45D1-8029-7BCC8C771441}.Release|Any CPU.ActiveCfg = Release|Any CPU
		{6810ED1E-80A9-45D1-8029-7BCC8C771441}.Release|Any CPU.Build.0 = Release|Any CPU
		{A59BAC34-3F94-4129-8EA6-A182A3511D3D}.Debug|Any CPU.ActiveCfg = Debug|Any CPU
		{A59BAC34-3F94-4129-8EA6-A182A3511D3D}.Debug|Any CPU.Build.0 = Debug|Any CPU
		{A59BAC34-3F94-4129-8EA6-A182A3511D3D}.Release|Any CPU.ActiveCfg = Release|Any CPU
		{A59BAC34-3F94-4129-8EA6-A182A3511D3D}.Release|Any CPU.Build.0 = Release|Any CPU
		{ABD35CF7-DC77-40AB-961A-E86E477913EC}.Debug|Any CPU.ActiveCfg = Debug|Any CPU
		{ABD35CF7-DC77-40AB-961A-E86E477913EC}.Debug|Any CPU.Build.0 = Debug|Any CPU
		{ABD35CF7-DC77-40AB-961A-E86E477913EC}.Release|Any CPU.ActiveCfg = Release|Any CPU
		{ABD35CF7-DC77-40AB-961A-E86E477913EC}.Release|Any CPU.Build.0 = Release|Any CPU
		{556D4BE3-4A9D-47B7-A735-ACE1DAEFF8A2}.Debug|Any CPU.ActiveCfg = Debug|Any CPU
		{556D4BE3-4A9D-47B7-A735-ACE1DAEFF8A2}.Debug|Any CPU.Build.0 = Debug|Any CPU
		{556D4BE3-4A9D-47B7-A735-ACE1DAEFF8A2}.Release|Any CPU.ActiveCfg = Release|Any CPU
		{556D4BE3-4A9D-47B7-A735-ACE1DAEFF8A2}.Release|Any CPU.Build.0 = Release|Any CPU
		{8BE8227C-C34D-45E9-A260-2C93ED692354}.Debug|Any CPU.ActiveCfg = Debug|Any CPU
		{8BE8227C-C34D-45E9-A260-2C93ED692354}.Debug|Any CPU.Build.0 = Debug|Any CPU
		{8BE8227C-C34D-45E9-A260-2C93ED692354}.Release|Any CPU.ActiveCfg = Release|Any CPU
		{8BE8227C-C34D-45E9-A260-2C93ED692354}.Release|Any CPU.Build.0 = Release|Any CPU
	EndGlobalSection
	GlobalSection(SolutionProperties) = preSolution
		HideSolutionNode = FALSE
	EndGlobalSection
	GlobalSection(NestedProjects) = preSolution
		{0CA7BF03-8C99-4E37-B35B-9B8D018FB54E} = {BA8B7537-0092-4AF6-BE19-239F7E6E9845}
		{86C20545-6A4D-46CA-8C15-67108059A6C9} = {BA8B7537-0092-4AF6-BE19-239F7E6E9845}
		{E4821666-6027-46CA-94D1-F43800673ED4} = {BA8B7537-0092-4AF6-BE19-239F7E6E9845}
		{6810ED1E-80A9-45D1-8029-7BCC8C771441} = {BA8B7537-0092-4AF6-BE19-239F7E6E9845}
		{A59BAC34-3F94-4129-8EA6-A182A3511D3D} = {BA8B7537-0092-4AF6-BE19-239F7E6E9845}
		{ABD35CF7-DC77-40AB-961A-E86E477913EC} = {BA8B7537-0092-4AF6-BE19-239F7E6E9845}
		{556D4BE3-4A9D-47B7-A735-ACE1DAEFF8A2} = {BA8B7537-0092-4AF6-BE19-239F7E6E9845}
		{8BE8227C-C34D-45E9-A260-2C93ED692354} = {BA8B7537-0092-4AF6-BE19-239F7E6E9845}
	EndGlobalSection
	GlobalSection(ExtensibilityGlobals) = postSolution
		SolutionGuid = {A1987BBF-C587-4F81-AD26-13BBB8A61B94}
	EndGlobalSection
EndGlobal
